
Microsoft Visual Studio Solution File, Format Version 12.00
Project("{FAE04EC0-301F-11D3-BF4B-00C04F79EFBC}") = "Serialization.Binary.Console", "Serialization.Binary.Console\Serialization.Binary.Console.csproj", "{4B753258-8487-4DE2-980D-CC85FCC14D92}"
EndProject
Project("{FAE04EC0-301F-11D3-BF4B-00C04F79EFBC}") = "SportsData.Faker", "SportsData.Faker\SportsData.Faker.csproj", "{516A9845-6B08-41DA-BB76-EA6EBBFE34FB}"
EndProject
Project("{FAE04EC0-301F-11D3-BF4B-00C04F79EFBC}") = "SportsData.Models", "SportsData.Models\SportsData.Models.csproj", "{3C6B3DB0-4CF0-43F3-BC4B-7D4DC8796DAF}"
EndProject
Global
	GlobalSection(SolutionConfigurationPlatforms) = preSolution
		Debug|Any CPU = Debug|Any CPU
		Release|Any CPU = Release|Any CPU
	EndGlobalSection
	GlobalSection(ProjectConfigurationPlatforms) = postSolution
		{4B753258-8487-4DE2-980D-CC85FCC14D92}.Debug|Any CPU.ActiveCfg = Debug|Any CPU
		{4B753258-8487-4DE2-980D-CC85FCC14D92}.Debug|Any CPU.Build.0 = Debug|Any CPU
		{4B753258-8487-4DE2-980D-CC85FCC14D92}.Release|Any CPU.ActiveCfg = Release|Any CPU
		{4B753258-8487-4DE2-980D-CC85FCC14D92}.Release|Any CPU.Build.0 = Release|Any CPU
		{516A9845-6B08-41DA-BB76-EA6EBBFE34FB}.Debug|Any CPU.ActiveCfg = Debug|Any CPU
		{516A9845-6B08-41DA-BB76-EA6EBBFE34FB}.Debug|Any CPU.Build.0 = Debug|Any CPU
		{516A9845-6B08-41DA-BB76-EA6EBBFE34FB}.Release|Any CPU.ActiveCfg = Release|Any CPU
		{516A9845-6B08-41DA-BB76-EA6EBBFE34FB}.Release|Any CPU.Build.0 = Release|Any CPU
		{3C6B3DB0-4CF0-43F3-BC4B-7D4DC8796DAF}.Debug|Any CPU.ActiveCfg = Debug|Any CPU
		{3C6B3DB0-4CF0-43F3-BC4B-7D4DC8796DAF}.Debug|Any CPU.Build.0 = Debug|Any CPU
		{3C6B3DB0-4CF0-43F3-BC4B-7D4DC8796DAF}.Release|Any CPU.ActiveCfg = Release|Any CPU
		{3C6B3DB0-4CF0-43F3-BC4B-7D4DC8796DAF}.Release|Any CPU.Build.0 = Release|Any CPU
	EndGlobalSection
EndGlobal
