
Microsoft Visual Studio Solution File, Format Version 12.00
Project("{F2A71F9B-5D33-465A-A702-920D77279786}") = "Distributed.Consensus.Raft", "Distributed.Consensus.Raft\Distributed.Consensus.Raft.fsproj", "{14A2F2F0-399D-44B0-9F96-4B2253D455A7}"
EndProject
Project("{F2A71F9B-5D33-465A-A702-920D77279786}") = "Distributed.Consensus.Raft.Console", "Distributed.Consensus.Raft.Console\Distributed.Consensus.Raft.Console.fsproj", "{AFE64197-CB16-4974-9187-C69026371DAE}"
EndProject
Project("{F2A71F9B-5D33-465A-A702-920D77279786}") = "Distributed.Consensus.Raft.Tests", "Distributed.Consensus.Raft.Tests\Distributed.Consensus.Raft.Tests.fsproj", "{C26D18E7-6E70-4B36-948D-B72BF587FE3A}"
EndProject
Global
	GlobalSection(SolutionConfigurationPlatforms) = preSolution
		Debug|Any CPU = Debug|Any CPU
		Release|Any CPU = Release|Any CPU
	EndGlobalSection
	GlobalSection(ProjectConfigurationPlatforms) = postSolution
		{14A2F2F0-399D-44B0-9F96-4B2253D455A7}.Debug|Any CPU.ActiveCfg = Debug|Any CPU
		{14A2F2F0-399D-44B0-9F96-4B2253D455A7}.Debug|Any CPU.Build.0 = Debug|Any CPU
		{14A2F2F0-399D-44B0-9F96-4B2253D455A7}.Release|Any CPU.ActiveCfg = Release|Any CPU
		{14A2F2F0-399D-44B0-9F96-4B2253D455A7}.Release|Any CPU.Build.0 = Release|Any CPU
		{AFE64197-CB16-4974-9187-C69026371DAE}.Debug|Any CPU.ActiveCfg = Debug|Any CPU
		{AFE64197-CB16-4974-9187-C69026371DAE}.Debug|Any CPU.Build.0 = Debug|Any CPU
		{AFE64197-CB16-4974-9187-C69026371DAE}.Release|Any CPU.ActiveCfg = Release|Any CPU
		{AFE64197-CB16-4974-9187-C69026371DAE}.Release|Any CPU.Build.0 = Release|Any CPU
		{C26D18E7-6E70-4B36-948D-B72BF587FE3A}.Debug|Any CPU.ActiveCfg = Debug|Any CPU
		{C26D18E7-6E70-4B36-948D-B72BF587FE3A}.Debug|Any CPU.Build.0 = Debug|Any CPU
		{C26D18E7-6E70-4B36-948D-B72BF587FE3A}.Release|Any CPU.ActiveCfg = Release|Any CPU
		{C26D18E7-6E70-4B36-948D-B72BF587FE3A}.Release|Any CPU.Build.0 = Release|Any CPU
	EndGlobalSection
EndGlobal
