
Microsoft Visual Studio Solution File, Format Version 12.00
Project("{FAE04EC0-301F-11D3-BF4B-00C04F79EFBC}") = "Serialization.Binary.Console", "Serialization.Binary.Console\Serialization.Binary.Console.csproj", "{4B753258-8487-4DE2-980D-CC85FCC14D92}"
EndProject
Project("{FAE04EC0-301F-11D3-BF4B-00C04F79EFBC}") = "SportsData.Models", "..\FakingRealData\SportsData.Models\SportsData.Models.csproj", "{DF97AF52-138D-4DDF-94D1-AA7340E7D166}"
EndProject
Project("{FAE04EC0-301F-11D3-BF4B-00C04F79EFBC}") = "SportsData.Faker", "..\FakingRealData\SportsData.Faker\SportsData.Faker.csproj", "{EDE96960-98CF-45BB-99CB-20A175244068}"
EndProject
Global
	GlobalSection(SolutionConfigurationPlatforms) = preSolution
		Debug|Any CPU = Debug|Any CPU
		Release|Any CPU = Release|Any CPU
	EndGlobalSection
	GlobalSection(ProjectConfigurationPlatforms) = postSolution
		{4B753258-8487-4DE2-980D-CC85FCC14D92}.Debug|Any CPU.ActiveCfg = Debug|Any CPU
		{4B753258-8487-4DE2-980D-CC85FCC14D92}.Debug|Any CPU.Build.0 = Debug|Any CPU
		{4B753258-8487-4DE2-980D-CC85FCC14D92}.Release|Any CPU.ActiveCfg = Release|Any CPU
		{4B753258-8487-4DE2-980D-CC85FCC14D92}.Release|Any CPU.Build.0 = Release|Any CPU
		{DF97AF52-138D-4DDF-94D1-AA7340E7D166}.Debug|Any CPU.ActiveCfg = Debug|Any CPU
		{DF97AF52-138D-4DDF-94D1-AA7340E7D166}.Debug|Any CPU.Build.0 = Debug|Any CPU
		{DF97AF52-138D-4DDF-94D1-AA7340E7D166}.Release|Any CPU.ActiveCfg = Release|Any CPU
		{DF97AF52-138D-4DDF-94D1-AA7340E7D166}.Release|Any CPU.Build.0 = Release|Any CPU
		{EDE96960-98CF-45BB-99CB-20A175244068}.Debug|Any CPU.ActiveCfg = Debug|Any CPU
		{EDE96960-98CF-45BB-99CB-20A175244068}.Debug|Any CPU.Build.0 = Debug|Any CPU
		{EDE96960-98CF-45BB-99CB-20A175244068}.Release|Any CPU.ActiveCfg = Release|Any CPU
		{EDE96960-98CF-45BB-99CB-20A175244068}.Release|Any CPU.Build.0 = Release|Any CPU
	EndGlobalSection
EndGlobal
