
Microsoft Visual Studio Solution File, Format Version 12.00
Project("{FAE04EC0-301F-11D3-BF4B-00C04F79EFBC}") = "SSTable", "SSTable\SSTable.csproj", "{AA361806-8BFC-4DD0-A956-412688AC351D}"
EndProject
Project("{FAE04EC0-301F-11D3-BF4B-00C04F79EFBC}") = "MergeSort", "MergeSort\MergeSort.csproj", "{19A7F253-577D-44AF-9997-114B81BECB2E}"
EndProject
Project("{FAE04EC0-301F-11D3-BF4B-00C04F79EFBC}") = "Benchmark", "Benchmark\Benchmark.csproj", "{1F60877F-6950-4A84-B8D0-AC187FB066DE}"
EndProject
Global
	GlobalSection(SolutionConfigurationPlatforms) = preSolution
		Debug|Any CPU = Debug|Any CPU
		Release|Any CPU = Release|Any CPU
	EndGlobalSection
	GlobalSection(ProjectConfigurationPlatforms) = postSolution
		{AA361806-8BFC-4DD0-A956-412688AC351D}.Debug|Any CPU.ActiveCfg = Debug|Any CPU
		{AA361806-8BFC-4DD0-A956-412688AC351D}.Debug|Any CPU.Build.0 = Debug|Any CPU
		{AA361806-8BFC-4DD0-A956-412688AC351D}.Release|Any CPU.ActiveCfg = Release|Any CPU
		{AA361806-8BFC-4DD0-A956-412688AC351D}.Release|Any CPU.Build.0 = Release|Any CPU
		{19A7F253-577D-44AF-9997-114B81BECB2E}.Debug|Any CPU.ActiveCfg = Debug|Any CPU
		{19A7F253-577D-44AF-9997-114B81BECB2E}.Debug|Any CPU.Build.0 = Debug|Any CPU
		{19A7F253-577D-44AF-9997-114B81BECB2E}.Release|Any CPU.ActiveCfg = Release|Any CPU
		{19A7F253-577D-44AF-9997-114B81BECB2E}.Release|Any CPU.Build.0 = Release|Any CPU
		{1F60877F-6950-4A84-B8D0-AC187FB066DE}.Debug|Any CPU.ActiveCfg = Debug|Any CPU
		{1F60877F-6950-4A84-B8D0-AC187FB066DE}.Debug|Any CPU.Build.0 = Debug|Any CPU
		{1F60877F-6950-4A84-B8D0-AC187FB066DE}.Release|Any CPU.ActiveCfg = Release|Any CPU
		{1F60877F-6950-4A84-B8D0-AC187FB066DE}.Release|Any CPU.Build.0 = Release|Any CPU
	EndGlobalSection
EndGlobal
