
Microsoft Visual Studio Solution File, Format Version 12.00
Project("{2150E333-8FDC-42A3-9474-1A3956D46DE8}") = "Solution Items", "Solution Items", "{C7AEC8D7-3C1F-4128-96E5-728A166B4D2C}"
	ProjectSection(SolutionItems) = preProject
		compose.yaml = compose.yaml
	EndProjectSection
EndProject
Project("{FAE04EC0-301F-11D3-BF4B-00C04F79EFBC}") = "Distributed.Replication.Kafka.Tests", "Distributed.Replication.Kafka.Tests\Distributed.Replication.Kafka.Tests.csproj", "{A952934F-102D-4C9A-81D6-4DBD725E1EC3}"
EndProject
Project("{FAE04EC0-301F-11D3-BF4B-00C04F79EFBC}") = "Distributed.Replication.Kafka.TestWebClient", "Distributed.Replication.Kafka.TestWebClient\Distributed.Replication.Kafka.TestWebClient.csproj", "{B0021A39-3A70-45C7-8A31-C115A9ECBF92}"
EndProject
Global
	GlobalSection(SolutionConfigurationPlatforms) = preSolution
		Debug|Any CPU = Debug|Any CPU
		Release|Any CPU = Release|Any CPU
	EndGlobalSection
	GlobalSection(ProjectConfigurationPlatforms) = postSolution
		{A952934F-102D-4C9A-81D6-4DBD725E1EC3}.Debug|Any CPU.ActiveCfg = Debug|Any CPU
		{A952934F-102D-4C9A-81D6-4DBD725E1EC3}.Debug|Any CPU.Build.0 = Debug|Any CPU
		{A952934F-102D-4C9A-81D6-4DBD725E1EC3}.Release|Any CPU.ActiveCfg = Release|Any CPU
		{A952934F-102D-4C9A-81D6-4DBD725E1EC3}.Release|Any CPU.Build.0 = Release|Any CPU
		{B0021A39-3A70-45C7-8A31-C115A9ECBF92}.Debug|Any CPU.ActiveCfg = Debug|Any CPU
		{B0021A39-3A70-45C7-8A31-C115A9ECBF92}.Debug|Any CPU.Build.0 = Debug|Any CPU
		{B0021A39-3A70-45C7-8A31-C115A9ECBF92}.Release|Any CPU.ActiveCfg = Release|Any CPU
		{B0021A39-3A70-45C7-8A31-C115A9ECBF92}.Release|Any CPU.Build.0 = Release|Any CPU
	EndGlobalSection
EndGlobal
